// !$*UTF8*$!
{
	archiveVersion = 1;
	classes = {
	};
	objectVersion = 77;
	objects = {

/* Begin PBXBuildFile section */
		00ACFC2245972BB0A0124608 /* MessageInbox.swift in Sources */ = {isa = PBXBuildFile; fileRef = FE0D81C8E4061FFAEA8009F6 /* MessageInbox.swift */; };
		019340D00967E9B43EE96612 /* EmptyStateView.swift in Sources */ = {isa = PBXBuildFile; fileRef = 329E2138785C36E07F41EA54 /* EmptyStateView.swift */; };
		037DF172E47744D2BB214522 /* GatewayOrigin.swift in Sources */ = {isa = PBXBuildFile; fileRef = 9362B8524798A318337FFF11 /* GatewayOrigin.swift */; };
		09175A11E64EB5A180108AFA /* RecentsView.swift in Sources */ = {isa = PBXBuildFile; fileRef = D50F86E7133E4C0AB2FC874A /* RecentsView.swift */; };
		0A468E39D6CDEEB00882D760 /* DemoConstants.swift in Sources */ = {isa = PBXBuildFile; fileRef = E5252BE7A5377965154F12A7 /* DemoConstants.swift */; };
		0C6CE48C385B45FB903AEB8F /* IdentityTests.swift in Sources */ = {isa = PBXBuildFile; fileRef = FED4DCDF083D3E2962363EB3 /* IdentityTests.swift */; };
		0D181C120C65D6D7DF0A370E /* ContactVCardBuilder.swift in Sources */ = {isa = PBXBuildFile; fileRef = 91037604E3E119B2328480FA /* ContactVCardBuilder.swift */; };
		0DF3DF1888FC917331695632 /* ComposeMessageView.swift in Sources */ = {isa = PBXBuildFile; fileRef = 24A262CF8CFE3BC7D5383283 /* ComposeMessageView.swift */; };
		0EDAC10B2FC00BB56E68F8E6 /* NumberList.swift in Sources */ = {isa = PBXBuildFile; fileRef = 5C0578D59989C935F5182D0E /* NumberList.swift */; };
		12271CC0FF586AB0C38F8054 /* CallGroupStore.swift in Sources */ = {isa = PBXBuildFile; fileRef = FCC14582B4BA466AA1A7AEB5 /* CallGroupStore.swift */; };
		162E7882876CF0B079622833 /* OutgoingLineMenu.swift in Sources */ = {isa = PBXBuildFile; fileRef = E73C07502BB800A12322596B /* OutgoingLineMenu.swift */; };
		1AA4AF6A1BC778F10756DA23 /* WebRTC-LICENSE.txt in Resources */ = {isa = PBXBuildFile; fileRef = 23DA30B41AAD7CD48A5D672E /* WebRTC-LICENSE.txt */; };
		1C4FF6DEE4F8DAD8D639983C /* VoicemailView.swift in Sources */ = {isa = PBXBuildFile; fileRef = 776CC7F799D6B6D0D3AC31E9 /* VoicemailView.swift */; };
		1E57FEECB85FF0E17F200D61 /* CallIntentRouter.swift in Sources */ = {isa = PBXBuildFile; fileRef = A5CDFE06EDC7BD7C66C0FA17 /* CallIntentRouter.swift */; };
		272523DF263DF1874DCAA24C /* CloudSyncEngine.swift in Sources */ = {isa = PBXBuildFile; fileRef = FED147AF8C4E97E5632501D8 /* CloudSyncEngine.swift */; };
		28648ECAD5F9E81C3F29200C /* SpamFilterTests.swift in Sources */ = {isa = PBXBuildFile; fileRef = 497ACBA1F83FDC8A12937941 /* SpamFilterTests.swift */; };
		313D53DF0BA818844554FC5C /* Wire.swift in Sources */ = {isa = PBXBuildFile; fileRef = 65399AE40AE5F9E959667CDC /* Wire.swift */; };
		35EF280A96D3F2E61D711B93 /* ContactDeduper.swift in Sources */ = {isa = PBXBuildFile; fileRef = 7F9E9861C66D806794BC5E9C /* ContactDeduper.swift */; };
		38975939B9CC8C6966CD7AAF /* NumberListsView.swift in Sources */ = {isa = PBXBuildFile; fileRef = E45F27461DB963B2F932BE7D /* NumberListsView.swift */; };
		3A58CB97BE75FC98367C5450 /* CallRelay-NOTICE.txt in Resources */ = {isa = PBXBuildFile; fileRef = D968488F481A10FEBA845385 /* CallRelay-NOTICE.txt */; };
		3BE25122B4D81DFE65BB38BF /* TokenStore.swift in Sources */ = {isa = PBXBuildFile; fileRef = 628E25BD6BAAC8F96258A291 /* TokenStore.swift */; };
		3C129D899260D98523A976E7 /* CallIdentifier.swift in Sources */ = {isa = PBXBuildFile; fileRef = 0BC1304BDE651D30727E4DB4 /* CallIdentifier.swift */; };
		3C2919F9716340686742BAC6 /* SettingsView.swift in Sources */ = {isa = PBXBuildFile; fileRef = A50EB70B3A4C35A8F5C23B00 /* SettingsView.swift */; };
		3C7DA5A42C3B8A4CB67ED8CA /* CloudSettings.swift in Sources */ = {isa = PBXBuildFile; fileRef = 1523FD274532D3A3E16F9189 /* CloudSettings.swift */; };
		3F8DE7E96043E4FFD639ED61 /* MessagesUITests.swift in Sources */ = {isa = PBXBuildFile; fileRef = 0D4165909DB665BF2ED9F078 /* MessagesUITests.swift */; };
		443BF6287C46CF15EB9099B0 /* SpamList-CN-Historical-NOTICE.txt in Resources */ = {isa = PBXBuildFile; fileRef = 05744022AD96DC06771B2551 /* SpamList-CN-Historical-NOTICE.txt */; };
		447EA5C4774185A7240F7804 /* MessageInboxTests.swift in Sources */ = {isa = PBXBuildFile; fileRef = A70F0E50529D24BC37088083 /* MessageInboxTests.swift */; };
		454CB2CC2CCEC0B9EB4FF9A3 /* VoIPPushPayload.swift in Sources */ = {isa = PBXBuildFile; fileRef = A66C9DBB90543E55C02CD36D /* VoIPPushPayload.swift */; };
		4592DF5E9ED226766C5FA05F /* SpamPolicy.swift in Sources */ = {isa = PBXBuildFile; fileRef = 790DB59B2E1C6BDD355E800C /* SpamPolicy.swift */; };
		4AE3B9EE984B3B00F4F90FFC /* SafetyAndPolicyTests.swift in Sources */ = {isa = PBXBuildFile; fileRef = 6B1F80F83B232F1C87894F28 /* SafetyAndPolicyTests.swift */; };
		4EECE8C7467CAB323FB1F16D /* APITypes.swift in Sources */ = {isa = PBXBuildFile; fileRef = 87B24B1137456D9029D5D036 /* APITypes.swift */; };
		4F930407CD97FB4D07C8AD58 /* DemoCallDriver.swift in Sources */ = {isa = PBXBuildFile; fileRef = 3A772A3DADD60E9829B43C7E /* DemoCallDriver.swift */; };
		515BDA7BE0A2140A1DE8C9FA /* CallDriver.swift in Sources */ = {isa = PBXBuildFile; fileRef = 5200A77B86E1F9545F6207E5 /* CallDriver.swift */; };
		52BA789A458D280FD7079956 /* UnifiedGatewayTests.swift in Sources */ = {isa = PBXBuildFile; fileRef = FD363457A02585F2F385C685 /* UnifiedGatewayTests.swift */; };
		52F1F86137E90954ADF3B18F /* RootView.swift in Sources */ = {isa = PBXBuildFile; fileRef = 2C9018BD33E55D204A7371F2 /* RootView.swift */; };
		5B08C2354AEF7FB3CF9FCA3F /* SpamFilterStore.swift in Sources */ = {isa = PBXBuildFile; fileRef = 64D2A156D01FD72B6F4113FD /* SpamFilterStore.swift */; };
		5D58E702A27616F0D2291A18 /* EventStream.swift in Sources */ = {isa = PBXBuildFile; fileRef = 88DA399FE480E12698ADD587 /* EventStream.swift */; };
		5F25DBFB70ABD293F8042ED9 /* CloudSyncTests.swift in Sources */ = {isa = PBXBuildFile; fileRef = 2E8B1C2C4B334AD05FA70F48 /* CloudSyncTests.swift */; };
		66306408F391D1A8B672C502 /* MessagesView.swift in Sources */ = {isa = PBXBuildFile; fileRef = 21E6407350D96D3CBB7BFDAC /* MessagesView.swift */; };
		69061B0EB714948B19ED87F4 /* NewConferenceTests.swift in Sources */ = {isa = PBXBuildFile; fileRef = C6F5F2EB092E2B879856F3C0 /* NewConferenceTests.swift */; };
		6BBED35DBBE589DCFED1E67E /* PushRegistry.swift in Sources */ = {isa = PBXBuildFile; fileRef = 398AB8C8E90C9626F1238A0D /* PushRegistry.swift */; };
		6C7A9180784789ADD73BFD26 /* ThirdPartyNotices.txt in Resources */ = {isa = PBXBuildFile; fileRef = 46EB85C9ECB68A468626F396 /* ThirdPartyNotices.txt */; };
		6D59F2734578F40364CA4DBF /* LineNumberEditView.swift in Sources */ = {isa = PBXBuildFile; fileRef = 416626581AF27D91234CF4E1 /* LineNumberEditView.swift */; };
		6ECDECF4B89D09A686FB5EB9 /* CKExceptionGuard.m in Sources */ = {isa = PBXBuildFile; fileRef = 1E858D9369D4B0D610361A33 /* CKExceptionGuard.m */; };
		6FA4ECE6903F13212B52184F /* ThreadDetailView.swift in Sources */ = {isa = PBXBuildFile; fileRef = 9D781F6CF12AFC6D91536AD1 /* ThreadDetailView.swift */; };
		7407094820EC6C777CA26198 /* IdentityBindingPolicy.swift in Sources */ = {isa = PBXBuildFile; fileRef = 444DD6802AFC2753B1AD8155 /* IdentityBindingPolicy.swift */; };
		76BBDF4D0F3AC75499465427 /* DialerView.swift in Sources */ = {isa = PBXBuildFile; fileRef = D5FF86542FF077ADFA588B46 /* DialerView.swift */; };
		779556BB078733CD87ED70C3 /* CallState.swift in Sources */ = {isa = PBXBuildFile; fileRef = 570B277AE0721CACCDEF9076 /* CallState.swift */; };
		77ADD4F4D122F26778117546 /* SMSHTTPClientTests.swift in Sources */ = {isa = PBXBuildFile; fileRef = 60004AE25C5C1B99740CE26F /* SMSHTTPClientTests.swift */; };
		7C9AE4EED50C9409288340AF /* AppLog.swift in Sources */ = {isa = PBXBuildFile; fileRef = E143357666B2A1132FBA2858 /* AppLog.swift */; };
		80AB9B5E2B54D627E5793127 /* OutboxStore.swift in Sources */ = {isa = PBXBuildFile; fileRef = C2B34F75CD206B2EF834D234 /* OutboxStore.swift */; };
		819CC34A3D0039785EE01FAB /* RetryPolicyTests.swift in Sources */ = {isa = PBXBuildFile; fileRef = 91F1C73CB1F265028D221DB1 /* RetryPolicyTests.swift */; };
		890603471A633DB8A05871BA /* PairingService.swift in Sources */ = {isa = PBXBuildFile; fileRef = 08E564DCA536A2933BEEC731 /* PairingService.swift */; };
		8DE3A67A7EA6FE6F103BC734 /* ContactsService.swift in Sources */ = {isa = PBXBuildFile; fileRef = 8640760CC6328AECCE766C90 /* ContactsService.swift */; };
		970C5B2C980818AB6EFB30DA /* WebRTCCallMedia.swift in Sources */ = {isa = PBXBuildFile; fileRef = AA27AA16B850DA6DA915F5C8 /* WebRTCCallMedia.swift */; };
		9A0FE45E5F0347CC4C839AC8 /* LinePickerUITests.swift in Sources */ = {isa = PBXBuildFile; fileRef = 8CAF007C73F29396871E0A30 /* LinePickerUITests.swift */; };
		9D818860AD8A8EF85D114463 /* CallHandleTests.swift in Sources */ = {isa = PBXBuildFile; fileRef = DF1712358EAF8763B2FDF8D4 /* CallHandleTests.swift */; };
		A1B15C623BE37E2BA38E500D /* TestHTTPServer.swift in Sources */ = {isa = PBXBuildFile; fileRef = E29B1E29BF8F845FC3285F8A /* TestHTTPServer.swift */; };
		A25EDA94F10C957C9707DEBD /* LineOwnNumberTests.swift in Sources */ = {isa = PBXBuildFile; fileRef = 037A95BAA3213ED163D86719 /* LineOwnNumberTests.swift */; };
		A2D3645DDBDE78663F4D4713 /* WireCompatibilityTests.swift in Sources */ = {isa = PBXBuildFile; fileRef = 5A57126F8A092AB3299D67CA /* WireCompatibilityTests.swift */; };
		A7D1997CAEC4247CBD988E33 /* DemoGatewayAPI.swift in Sources */ = {isa = PBXBuildFile; fileRef = 8A98ED7284FE1534630974E5 /* DemoGatewayAPI.swift */; };
		AAE01816F226B6A98A51BAE9 /* SpamRulesView.swift in Sources */ = {isa = PBXBuildFile; fileRef = 417794779035E7454D1F46F2 /* SpamRulesView.swift */; };
		ACDE05A5A6290C7CB159C92C /* CallCoordinator.swift in Sources */ = {isa = PBXBuildFile; fileRef = AC3B54C00DA01EB928B0C2D1 /* CallCoordinator.swift */; };
		AFBC8312DA10813FDA7079D2 /* RetryPolicy.swift in Sources */ = {isa = PBXBuildFile; fileRef = F03311AAD0BE8B5012CE8DE3 /* RetryPolicy.swift */; };
		B060B01110E082DF9AD132F8 /* LiveCallDriver.swift in Sources */ = {isa = PBXBuildFile; fileRef = 5414A860CAFDFACE2D75C624 /* LiveCallDriver.swift */; };
		B256B95DC33274B95900EF26 /* EventStreamTests.swift in Sources */ = {isa = PBXBuildFile; fileRef = 1A9B2A41BD38902A3FF52D4F /* EventStreamTests.swift */; };
		B25E95F679A71598C09445BC /* Fakes.swift in Sources */ = {isa = PBXBuildFile; fileRef = DEF5C45E75AC8A3B3ED95D63 /* Fakes.swift */; };
		B28B1D394FDD26A023937964 /* CKCloudSyncTransport.swift in Sources */ = {isa = PBXBuildFile; fileRef = A7D36C32C39D67D00792E85B /* CKCloudSyncTransport.swift */; };
		B3360F6947FD32F621D3C84B /* CallRelayApp.swift in Sources */ = {isa = PBXBuildFile; fileRef = 218A231BA4DBC03932C09DB0 /* CallRelayApp.swift */; };
		B38DC8E51B9B4CA0C117AE79 /* MediaReconnectionTests.swift in Sources */ = {isa = PBXBuildFile; fileRef = 571FDBDEE26D76EB7641E3D9 /* MediaReconnectionTests.swift */; };
		B47D483AF10B690AEE0C9022 /* RecoveryGrantTests.swift in Sources */ = {isa = PBXBuildFile; fileRef = E8565B8A812FB15C9ECC1DE7 /* RecoveryGrantTests.swift */; };
		B7F683E14FEA51D710E0A3A7 /* HTTPGatewayAPI.swift in Sources */ = {isa = PBXBuildFile; fileRef = 9BE7430C6BBEE3E2140F20DB /* HTTPGatewayAPI.swift */; };
		B87E93BD732DD924242DEC8C /* OnboardingView.swift in Sources */ = {isa = PBXBuildFile; fileRef = 96FD73019CC490571ECD09FD /* OnboardingView.swift */; };
		BE8FB8065B9B86BDC1E3C25E /* CloudSyncSettingsView.swift in Sources */ = {isa = PBXBuildFile; fileRef = 7645C567EC9502D507AF685B /* CloudSyncSettingsView.swift */; };
		C0B48EBFDE896CDB9167C4F7 /* OutgoingLineSelectionTests.swift in Sources */ = {isa = PBXBuildFile; fileRef = 3BD3FDBD2F16E7C9812308CC /* OutgoingLineSelectionTests.swift */; };
		C39E000B13B2175B6AF0ABA8 /* Assets.xcassets in Resources */ = {isa = PBXBuildFile; fileRef = 277EF6E70492478D477ECC8D /* Assets.xcassets */; };
		C4563CE7BD6A1FBD0B41E296 /* WebRTC in Frameworks */ = {isa = PBXBuildFile; productRef = 19C3B73CCD39434F4620A84B /* WebRTC */; };
		C54437A9AB6834A1947F4293 /* RecoveryGrant.swift in Sources */ = {isa = PBXBuildFile; fileRef = 0FEB27AA29D453367F81AF1F /* RecoveryGrant.swift */; };
		C575C315D301B909DB89321D /* CloudSyncTypes.swift in Sources */ = {isa = PBXBuildFile; fileRef = 30E29FCD79372F499817AF17 /* CloudSyncTypes.swift */; };
		C5C52EC08F103CD7FA2DC1B9 /* DeviceIdentity.swift in Sources */ = {isa = PBXBuildFile; fileRef = 6BD1D6124FBCB269EB6F0FC7 /* DeviceIdentity.swift */; };
		C5D278D3DC43C30B18BEF0F3 /* ContactExportView.swift in Sources */ = {isa = PBXBuildFile; fileRef = 21AB65F255615EB0BC3D4051 /* ContactExportView.swift */; };
		CB6F3A7F5D3D25CD1E0B4BDD /* ContactVCardExportTests.swift in Sources */ = {isa = PBXBuildFile; fileRef = 6FB4F36A44706DA364FB2943 /* ContactVCardExportTests.swift */; };
		CBABC9D6EF0157DFBE673A99 /* CloudSyncStore.swift in Sources */ = {isa = PBXBuildFile; fileRef = 048780E4AD2A243111EC4E26 /* CloudSyncStore.swift */; };
		CC3F17739DC4EC71F85E56D6 /* cn-historical-2020.txt in Resources */ = {isa = PBXBuildFile; fileRef = B6C27AF8BBB153A1613996CB /* cn-historical-2020.txt */; };
		CC91ED89889055CC01F274F6 /* SMSWireTests.swift in Sources */ = {isa = PBXBuildFile; fileRef = DC9C46BCF75DFE9B41A5BB1C /* SMSWireTests.swift */; };
		CFB89DCAE6ECB0AAE5BDA5DB /* NumberListTests.swift in Sources */ = {isa = PBXBuildFile; fileRef = 2BBFC039A979CA61D7614E3E /* NumberListTests.swift */; };
		D3041E7A325EC6F17D7CABAC /* ContactsView.swift in Sources */ = {isa = PBXBuildFile; fileRef = BE8CEC9770D37E66F3A120C0 /* ContactsView.swift */; };
		D85FEB560030C5B83C27C9B0 /* ContactDeduperTests.swift in Sources */ = {isa = PBXBuildFile; fileRef = FB0730972643F1C299521240 /* ContactDeduperTests.swift */; };
		D9BAACD0DC42058BD981BD9F /* CallRelay-LICENSE.txt in Resources */ = {isa = PBXBuildFile; fileRef = 23D6C5702132450ACA6B62AE /* CallRelay-LICENSE.txt */; };
		DBC78951A54E55ACA41BC95F /* V2TestSupport.swift in Sources */ = {isa = PBXBuildFile; fileRef = A201F54A8F28266CE1D63A30 /* V2TestSupport.swift */; };
		DEC80AB6BDEEDE4C98626E3A /* ConferenceMedia.swift in Sources */ = {isa = PBXBuildFile; fileRef = 7B9526ACDE242FC88C513C4E /* ConferenceMedia.swift */; };
		E03EA6A4FBFBDF2FC799401F /* NetworkMonitor.swift in Sources */ = {isa = PBXBuildFile; fileRef = EC0B93D3F916BD119C734732 /* NetworkMonitor.swift */; };
		E306C5F8B0E5C826E4A3315F /* ActiveCallView.swift in Sources */ = {isa = PBXBuildFile; fileRef = F7E7DF245408812D10FA4A76 /* ActiveCallView.swift */; };
		E3460AEC7EF0249B0BF60963 /* CloudConvergence.swift in Sources */ = {isa = PBXBuildFile; fileRef = 3229416404A485DD201F98DC /* CloudConvergence.swift */; };
		E62EDB1784F00DF24A453DF1 /* UnifiedPairingRecoveryTests.swift in Sources */ = {isa = PBXBuildFile; fileRef = 206D825E142DCFBE6E9C0A17 /* UnifiedPairingRecoveryTests.swift */; };
		E7F4397ABF9901F53B9AE23A /* PhoneNormalizer.swift in Sources */ = {isa = PBXBuildFile; fileRef = 91512C87E1178FBD7CC0BC05 /* PhoneNormalizer.swift */; };
		E9C780B47D349B2F77275ABD /* CallKitManager.swift in Sources */ = {isa = PBXBuildFile; fileRef = 98812606BAAF35C7F58B7698 /* CallKitManager.swift */; };
		EA0FA814F23C47748E9E6979 /* CloudProvisioningTests.swift in Sources */ = {isa = PBXBuildFile; fileRef = 534375935CF5486D02579EA6 /* CloudProvisioningTests.swift */; };
		EA290D7AF96BD2F40DED138E /* CallLifecycleTests.swift in Sources */ = {isa = PBXBuildFile; fileRef = 5E2FA0BA6159B54457B7990A /* CallLifecycleTests.swift */; };
		EBC43B315021028AD1AEF0D1 /* AppModel.swift in Sources */ = {isa = PBXBuildFile; fileRef = 08783B9F8F03E8DB93E2F754 /* AppModel.swift */; };
		EE1CC4AB444AAFF1529C24F6 /* CallKitConfigurationTests.swift in Sources */ = {isa = PBXBuildFile; fileRef = 30D4369B7315FE5C470E2A51 /* CallKitConfigurationTests.swift */; };
		F050F05F84BD924DDFFE2F83 /* MessageInboxSpamTests.swift in Sources */ = {isa = PBXBuildFile; fileRef = 5A588139CFF48C724501CBCD /* MessageInboxSpamTests.swift */; };
		F1ABBC03A32B3C752B8F868C /* V2Wire.swift in Sources */ = {isa = PBXBuildFile; fileRef = C28C4E4E5A8D62B092922AFC /* V2Wire.swift */; };
		F325A2AB94842C8482F8E642 /* GatewayBinding.swift in Sources */ = {isa = PBXBuildFile; fileRef = 191B28D96B07C9285C80237A /* GatewayBinding.swift */; };
		F627C7D82E267828162473C2 /* VoicemailPlaybackTests.swift in Sources */ = {isa = PBXBuildFile; fileRef = 55C457701ED5FCBFB8643F6F /* VoicemailPlaybackTests.swift */; };
		FFACBB85AA8CCBBAD4422DAD /* CallIntentDonor.swift in Sources */ = {isa = PBXBuildFile; fileRef = E4C8EE3BF4C8729A36FD9B58 /* CallIntentDonor.swift */; };
/* End PBXBuildFile section */

/* Begin PBXContainerItemProxy section */
		2F707AE8D7A4A94025B8EF06 /* PBXContainerItemProxy */ = {
			isa = PBXContainerItemProxy;
			containerPortal = 3ADD05E924824CB85A4E5171 /* Project object */;
			proxyType = 1;
			remoteGlobalIDString = 9FA23C99650F079B79CEBF3F;
			remoteInfo = CallRelay;
		};
		DB90B2EA4921A955CB611695 /* PBXContainerItemProxy */ = {
			isa = PBXContainerItemProxy;
			containerPortal = 3ADD05E924824CB85A4E5171 /* Project object */;
			proxyType = 1;
			remoteGlobalIDString = 9FA23C99650F079B79CEBF3F;
			remoteInfo = CallRelay;
		};
/* End PBXContainerItemProxy section */

/* Begin PBXFileReference section */
		03769D6F5186234A6C8E1F2E /* CKExceptionGuard.h */ = {isa = PBXFileReference; lastKnownFileType = sourcecode.c.h; path = CKExceptionGuard.h; sourceTree = "<group>"; };
		037A95BAA3213ED163D86719 /* LineOwnNumberTests.swift */ = {isa = PBXFileReference; lastKnownFileType = sourcecode.swift; path = LineOwnNumberTests.swift; sourceTree = "<group>"; };
		048780E4AD2A243111EC4E26 /* CloudSyncStore.swift */ = {isa = PBXFileReference; lastKnownFileType = sourcecode.swift; path = CloudSyncStore.swift; sourceTree = "<group>"; };
		05744022AD96DC06771B2551 /* SpamList-CN-Historical-NOTICE.txt */ = {isa = PBXFileReference; lastKnownFileType = text; path = "SpamList-CN-Historical-NOTICE.txt"; sourceTree = "<group>"; };
		07695719B546FBE92B00BBFD /* Info.plist */ = {isa = PBXFileReference; lastKnownFileType = text.plist; path = Info.plist; sourceTree = "<group>"; };
		08783B9F8F03E8DB93E2F754 /* AppModel.swift */ = {isa = PBXFileReference; lastKnownFileType = sourcecode.swift; path = AppModel.swift; sourceTree = "<group>"; };
		08E564DCA536A2933BEEC731 /* PairingService.swift */ = {isa = PBXFileReference; lastKnownFileType = sourcecode.swift; path = PairingService.swift; sourceTree = "<group>"; };
		0BC1304BDE651D30727E4DB4 /* CallIdentifier.swift */ = {isa = PBXFileReference; lastKnownFileType = sourcecode.swift; path = CallIdentifier.swift; sourceTree = "<group>"; };
		0D4165909DB665BF2ED9F078 /* MessagesUITests.swift */ = {isa = PBXFileReference; lastKnownFileType = sourcecode.swift; path = MessagesUITests.swift; sourceTree = "<group>"; };
		0FEB27AA29D453367F81AF1F /* RecoveryGrant.swift */ = {isa = PBXFileReference; lastKnownFileType = sourcecode.swift; path = RecoveryGrant.swift; sourceTree = "<group>"; };
		1523FD274532D3A3E16F9189 /* CloudSettings.swift */ = {isa = PBXFileReference; lastKnownFileType = sourcecode.swift; path = CloudSettings.swift; sourceTree = "<group>"; };
		191B28D96B07C9285C80237A /* GatewayBinding.swift */ = {isa = PBXFileReference; lastKnownFileType = sourcecode.swift; path = GatewayBinding.swift; sourceTree = "<group>"; };
		1A9B2A41BD38902A3FF52D4F /* EventStreamTests.swift */ = {isa = PBXFileReference; lastKnownFileType = sourcecode.swift; path = EventStreamTests.swift; sourceTree = "<group>"; };
		1E858D9369D4B0D610361A33 /* CKExceptionGuard.m */ = {isa = PBXFileReference; lastKnownFileType = sourcecode.c.objc; path = CKExceptionGuard.m; sourceTree = "<group>"; };
		206D825E142DCFBE6E9C0A17 /* UnifiedPairingRecoveryTests.swift */ = {isa = PBXFileReference; lastKnownFileType = sourcecode.swift; path = UnifiedPairingRecoveryTests.swift; sourceTree = "<group>"; };
		218A231BA4DBC03932C09DB0 /* CallRelayApp.swift */ = {isa = PBXFileReference; lastKnownFileType = sourcecode.swift; path = CallRelayApp.swift; sourceTree = "<group>"; };
		21AB65F255615EB0BC3D4051 /* ContactExportView.swift */ = {isa = PBXFileReference; lastKnownFileType = sourcecode.swift; path = ContactExportView.swift; sourceTree = "<group>"; };
		21E6407350D96D3CBB7BFDAC /* MessagesView.swift */ = {isa = PBXFileReference; lastKnownFileType = sourcecode.swift; path = MessagesView.swift; sourceTree = "<group>"; };
		23D6C5702132450ACA6B62AE /* CallRelay-LICENSE.txt */ = {isa = PBXFileReference; lastKnownFileType = text; path = "CallRelay-LICENSE.txt"; sourceTree = "<group>"; };
		23DA30B41AAD7CD48A5D672E /* WebRTC-LICENSE.txt */ = {isa = PBXFileReference; lastKnownFileType = text; path = "WebRTC-LICENSE.txt"; sourceTree = "<group>"; };
		24A262CF8CFE3BC7D5383283 /* ComposeMessageView.swift */ = {isa = PBXFileReference; lastKnownFileType = sourcecode.swift; path = ComposeMessageView.swift; sourceTree = "<group>"; };
		277EF6E70492478D477ECC8D /* Assets.xcassets */ = {isa = PBXFileReference; lastKnownFileType = folder.assetcatalog; path = Assets.xcassets; sourceTree = "<group>"; };
		2BBFC039A979CA61D7614E3E /* NumberListTests.swift */ = {isa = PBXFileReference; lastKnownFileType = sourcecode.swift; path = NumberListTests.swift; sourceTree = "<group>"; };
		2C9018BD33E55D204A7371F2 /* RootView.swift */ = {isa = PBXFileReference; lastKnownFileType = sourcecode.swift; path = RootView.swift; sourceTree = "<group>"; };
		2E8B1C2C4B334AD05FA70F48 /* CloudSyncTests.swift */ = {isa = PBXFileReference; lastKnownFileType = sourcecode.swift; path = CloudSyncTests.swift; sourceTree = "<group>"; };
		2FA45748307FF4B37BBF0FB1 /* CallRelay.app */ = {isa = PBXFileReference; includeInIndex = 0; lastKnownFileType = wrapper.application; path = CallRelay.app; sourceTree = BUILT_PRODUCTS_DIR; };
		30D4369B7315FE5C470E2A51 /* CallKitConfigurationTests.swift */ = {isa = PBXFileReference; lastKnownFileType = sourcecode.swift; path = CallKitConfigurationTests.swift; sourceTree = "<group>"; };
		30E29FCD79372F499817AF17 /* CloudSyncTypes.swift */ = {isa = PBXFileReference; lastKnownFileType = sourcecode.swift; path = CloudSyncTypes.swift; sourceTree = "<group>"; };
		3229416404A485DD201F98DC /* CloudConvergence.swift */ = {isa = PBXFileReference; lastKnownFileType = sourcecode.swift; path = CloudConvergence.swift; sourceTree = "<group>"; };
		329E2138785C36E07F41EA54 /* EmptyStateView.swift */ = {isa = PBXFileReference; lastKnownFileType = sourcecode.swift; path = EmptyStateView.swift; sourceTree = "<group>"; };
		398AB8C8E90C9626F1238A0D /* PushRegistry.swift */ = {isa = PBXFileReference; lastKnownFileType = sourcecode.swift; path = PushRegistry.swift; sourceTree = "<group>"; };
		3A772A3DADD60E9829B43C7E /* DemoCallDriver.swift */ = {isa = PBXFileReference; lastKnownFileType = sourcecode.swift; path = DemoCallDriver.swift; sourceTree = "<group>"; };
		3BD3FDBD2F16E7C9812308CC /* OutgoingLineSelectionTests.swift */ = {isa = PBXFileReference; lastKnownFileType = sourcecode.swift; path = OutgoingLineSelectionTests.swift; sourceTree = "<group>"; };
		416626581AF27D91234CF4E1 /* LineNumberEditView.swift */ = {isa = PBXFileReference; lastKnownFileType = sourcecode.swift; path = LineNumberEditView.swift; sourceTree = "<group>"; };
		417794779035E7454D1F46F2 /* SpamRulesView.swift */ = {isa = PBXFileReference; lastKnownFileType = sourcecode.swift; path = SpamRulesView.swift; sourceTree = "<group>"; };
		444DD6802AFC2753B1AD8155 /* IdentityBindingPolicy.swift */ = {isa = PBXFileReference; lastKnownFileType = sourcecode.swift; path = IdentityBindingPolicy.swift; sourceTree = "<group>"; };
		46EB85C9ECB68A468626F396 /* ThirdPartyNotices.txt */ = {isa = PBXFileReference; lastKnownFileType = text; path = ThirdPartyNotices.txt; sourceTree = "<group>"; };
		497ACBA1F83FDC8A12937941 /* SpamFilterTests.swift */ = {isa = PBXFileReference; lastKnownFileType = sourcecode.swift; path = SpamFilterTests.swift; sourceTree = "<group>"; };
		5200A77B86E1F9545F6207E5 /* CallDriver.swift */ = {isa = PBXFileReference; lastKnownFileType = sourcecode.swift; path = CallDriver.swift; sourceTree = "<group>"; };
		534375935CF5486D02579EA6 /* CloudProvisioningTests.swift */ = {isa = PBXFileReference; lastKnownFileType = sourcecode.swift; path = CloudProvisioningTests.swift; sourceTree = "<group>"; };
		5414A860CAFDFACE2D75C624 /* LiveCallDriver.swift */ = {isa = PBXFileReference; lastKnownFileType = sourcecode.swift; path = LiveCallDriver.swift; sourceTree = "<group>"; };
		55C457701ED5FCBFB8643F6F /* VoicemailPlaybackTests.swift */ = {isa = PBXFileReference; lastKnownFileType = sourcecode.swift; path = VoicemailPlaybackTests.swift; sourceTree = "<group>"; };
		570B277AE0721CACCDEF9076 /* CallState.swift */ = {isa = PBXFileReference; lastKnownFileType = sourcecode.swift; path = CallState.swift; sourceTree = "<group>"; };
		571FDBDEE26D76EB7641E3D9 /* MediaReconnectionTests.swift */ = {isa = PBXFileReference; lastKnownFileType = sourcecode.swift; path = MediaReconnectionTests.swift; sourceTree = "<group>"; };
		5A57126F8A092AB3299D67CA /* WireCompatibilityTests.swift */ = {isa = PBXFileReference; lastKnownFileType = sourcecode.swift; path = WireCompatibilityTests.swift; sourceTree = "<group>"; };
		5A588139CFF48C724501CBCD /* MessageInboxSpamTests.swift */ = {isa = PBXFileReference; lastKnownFileType = sourcecode.swift; path = MessageInboxSpamTests.swift; sourceTree = "<group>"; };
		5C0578D59989C935F5182D0E /* NumberList.swift */ = {isa = PBXFileReference; lastKnownFileType = sourcecode.swift; path = NumberList.swift; sourceTree = "<group>"; };
		5E2FA0BA6159B54457B7990A /* CallLifecycleTests.swift */ = {isa = PBXFileReference; lastKnownFileType = sourcecode.swift; path = CallLifecycleTests.swift; sourceTree = "<group>"; };
		60004AE25C5C1B99740CE26F /* SMSHTTPClientTests.swift */ = {isa = PBXFileReference; lastKnownFileType = sourcecode.swift; path = SMSHTTPClientTests.swift; sourceTree = "<group>"; };
		628E25BD6BAAC8F96258A291 /* TokenStore.swift */ = {isa = PBXFileReference; lastKnownFileType = sourcecode.swift; path = TokenStore.swift; sourceTree = "<group>"; };
		64D2A156D01FD72B6F4113FD /* SpamFilterStore.swift */ = {isa = PBXFileReference; lastKnownFileType = sourcecode.swift; path = SpamFilterStore.swift; sourceTree = "<group>"; };
		65399AE40AE5F9E959667CDC /* Wire.swift */ = {isa = PBXFileReference; lastKnownFileType = sourcecode.swift; path = Wire.swift; sourceTree = "<group>"; };
		6B1F80F83B232F1C87894F28 /* SafetyAndPolicyTests.swift */ = {isa = PBXFileReference; lastKnownFileType = sourcecode.swift; path = SafetyAndPolicyTests.swift; sourceTree = "<group>"; };
		6BD1D6124FBCB269EB6F0FC7 /* DeviceIdentity.swift */ = {isa = PBXFileReference; lastKnownFileType = sourcecode.swift; path = DeviceIdentity.swift; sourceTree = "<group>"; };
		6FB4F36A44706DA364FB2943 /* ContactVCardExportTests.swift */ = {isa = PBXFileReference; lastKnownFileType = sourcecode.swift; path = ContactVCardExportTests.swift; sourceTree = "<group>"; };
		7645C567EC9502D507AF685B /* CloudSyncSettingsView.swift */ = {isa = PBXFileReference; lastKnownFileType = sourcecode.swift; path = CloudSyncSettingsView.swift; sourceTree = "<group>"; };
		776CC7F799D6B6D0D3AC31E9 /* VoicemailView.swift */ = {isa = PBXFileReference; lastKnownFileType = sourcecode.swift; path = VoicemailView.swift; sourceTree = "<group>"; };
		790DB59B2E1C6BDD355E800C /* SpamPolicy.swift */ = {isa = PBXFileReference; lastKnownFileType = sourcecode.swift; path = SpamPolicy.swift; sourceTree = "<group>"; };
		7B9526ACDE242FC88C513C4E /* ConferenceMedia.swift */ = {isa = PBXFileReference; lastKnownFileType = sourcecode.swift; path = ConferenceMedia.swift; sourceTree = "<group>"; };
		7F9E9861C66D806794BC5E9C /* ContactDeduper.swift */ = {isa = PBXFileReference; lastKnownFileType = sourcecode.swift; path = ContactDeduper.swift; sourceTree = "<group>"; };
		8640760CC6328AECCE766C90 /* ContactsService.swift */ = {isa = PBXFileReference; lastKnownFileType = sourcecode.swift; path = ContactsService.swift; sourceTree = "<group>"; };
		87B24B1137456D9029D5D036 /* APITypes.swift */ = {isa = PBXFileReference; lastKnownFileType = sourcecode.swift; path = APITypes.swift; sourceTree = "<group>"; };
		88DA399FE480E12698ADD587 /* EventStream.swift */ = {isa = PBXFileReference; lastKnownFileType = sourcecode.swift; path = EventStream.swift; sourceTree = "<group>"; };
		88E9487540D9BA19CF743832 /* CallRelay.entitlements */ = {isa = PBXFileReference; lastKnownFileType = text.plist.entitlements; path = CallRelay.entitlements; sourceTree = "<group>"; };
		8A98ED7284FE1534630974E5 /* DemoGatewayAPI.swift */ = {isa = PBXFileReference; lastKnownFileType = sourcecode.swift; path = DemoGatewayAPI.swift; sourceTree = "<group>"; };
		8CAF007C73F29396871E0A30 /* LinePickerUITests.swift */ = {isa = PBXFileReference; lastKnownFileType = sourcecode.swift; path = LinePickerUITests.swift; sourceTree = "<group>"; };
		91037604E3E119B2328480FA /* ContactVCardBuilder.swift */ = {isa = PBXFileReference; lastKnownFileType = sourcecode.swift; path = ContactVCardBuilder.swift; sourceTree = "<group>"; };
		91512C87E1178FBD7CC0BC05 /* PhoneNormalizer.swift */ = {isa = PBXFileReference; lastKnownFileType = sourcecode.swift; path = PhoneNormalizer.swift; sourceTree = "<group>"; };
		91F1C73CB1F265028D221DB1 /* RetryPolicyTests.swift */ = {isa = PBXFileReference; lastKnownFileType = sourcecode.swift; path = RetryPolicyTests.swift; sourceTree = "<group>"; };
		9362B8524798A318337FFF11 /* GatewayOrigin.swift */ = {isa = PBXFileReference; lastKnownFileType = sourcecode.swift; path = GatewayOrigin.swift; sourceTree = "<group>"; };
		96FD73019CC490571ECD09FD /* OnboardingView.swift */ = {isa = PBXFileReference; lastKnownFileType = sourcecode.swift; path = OnboardingView.swift; sourceTree = "<group>"; };
		98812606BAAF35C7F58B7698 /* CallKitManager.swift */ = {isa = PBXFileReference; lastKnownFileType = sourcecode.swift; path = CallKitManager.swift; sourceTree = "<group>"; };
		9BE7430C6BBEE3E2140F20DB /* HTTPGatewayAPI.swift */ = {isa = PBXFileReference; lastKnownFileType = sourcecode.swift; path = HTTPGatewayAPI.swift; sourceTree = "<group>"; };
		9D781F6CF12AFC6D91536AD1 /* ThreadDetailView.swift */ = {isa = PBXFileReference; lastKnownFileType = sourcecode.swift; path = ThreadDetailView.swift; sourceTree = "<group>"; };
		A09FD39E73E3B9361A236FB6 /* CallRelayTests.xctest */ = {isa = PBXFileReference; includeInIndex = 0; lastKnownFileType = wrapper.cfbundle; path = CallRelayTests.xctest; sourceTree = BUILT_PRODUCTS_DIR; };
		A201F54A8F28266CE1D63A30 /* V2TestSupport.swift */ = {isa = PBXFileReference; lastKnownFileType = sourcecode.swift; path = V2TestSupport.swift; sourceTree = "<group>"; };
		A50EB70B3A4C35A8F5C23B00 /* SettingsView.swift */ = {isa = PBXFileReference; lastKnownFileType = sourcecode.swift; path = SettingsView.swift; sourceTree = "<group>"; };
		A5CDFE06EDC7BD7C66C0FA17 /* CallIntentRouter.swift */ = {isa = PBXFileReference; lastKnownFileType = sourcecode.swift; path = CallIntentRouter.swift; sourceTree = "<group>"; };
		A66C9DBB90543E55C02CD36D /* VoIPPushPayload.swift */ = {isa = PBXFileReference; lastKnownFileType = sourcecode.swift; path = VoIPPushPayload.swift; sourceTree = "<group>"; };
		A70F0E50529D24BC37088083 /* MessageInboxTests.swift */ = {isa = PBXFileReference; lastKnownFileType = sourcecode.swift; path = MessageInboxTests.swift; sourceTree = "<group>"; };
		A7D36C32C39D67D00792E85B /* CKCloudSyncTransport.swift */ = {isa = PBXFileReference; lastKnownFileType = sourcecode.swift; path = CKCloudSyncTransport.swift; sourceTree = "<group>"; };
		AA27AA16B850DA6DA915F5C8 /* WebRTCCallMedia.swift */ = {isa = PBXFileReference; lastKnownFileType = sourcecode.swift; path = WebRTCCallMedia.swift; sourceTree = "<group>"; };
		AC3B54C00DA01EB928B0C2D1 /* CallCoordinator.swift */ = {isa = PBXFileReference; lastKnownFileType = sourcecode.swift; path = CallCoordinator.swift; sourceTree = "<group>"; };
		B6C27AF8BBB153A1613996CB /* cn-historical-2020.txt */ = {isa = PBXFileReference; lastKnownFileType = text; path = "cn-historical-2020.txt"; sourceTree = "<group>"; };
		BE8CEC9770D37E66F3A120C0 /* ContactsView.swift */ = {isa = PBXFileReference; lastKnownFileType = sourcecode.swift; path = ContactsView.swift; sourceTree = "<group>"; };
		C28C4E4E5A8D62B092922AFC /* V2Wire.swift */ = {isa = PBXFileReference; lastKnownFileType = sourcecode.swift; path = V2Wire.swift; sourceTree = "<group>"; };
		C2B34F75CD206B2EF834D234 /* OutboxStore.swift */ = {isa = PBXFileReference; lastKnownFileType = sourcecode.swift; path = OutboxStore.swift; sourceTree = "<group>"; };
		C6F5F2EB092E2B879856F3C0 /* NewConferenceTests.swift */ = {isa = PBXFileReference; lastKnownFileType = sourcecode.swift; path = NewConferenceTests.swift; sourceTree = "<group>"; };
		D0635913B3FD20B2420AF284 /* CallRelayUITests.xctest */ = {isa = PBXFileReference; includeInIndex = 0; lastKnownFileType = wrapper.cfbundle; path = CallRelayUITests.xctest; sourceTree = BUILT_PRODUCTS_DIR; };
		D50F86E7133E4C0AB2FC874A /* RecentsView.swift */ = {isa = PBXFileReference; lastKnownFileType = sourcecode.swift; path = RecentsView.swift; sourceTree = "<group>"; };
		D5FF86542FF077ADFA588B46 /* DialerView.swift */ = {isa = PBXFileReference; lastKnownFileType = sourcecode.swift; path = DialerView.swift; sourceTree = "<group>"; };
		D968488F481A10FEBA845385 /* CallRelay-NOTICE.txt */ = {isa = PBXFileReference; lastKnownFileType = text; path = "CallRelay-NOTICE.txt"; sourceTree = "<group>"; };
		DC9C46BCF75DFE9B41A5BB1C /* SMSWireTests.swift */ = {isa = PBXFileReference; lastKnownFileType = sourcecode.swift; path = SMSWireTests.swift; sourceTree = "<group>"; };
		DEF5C45E75AC8A3B3ED95D63 /* Fakes.swift */ = {isa = PBXFileReference; lastKnownFileType = sourcecode.swift; path = Fakes.swift; sourceTree = "<group>"; };
		DF1712358EAF8763B2FDF8D4 /* CallHandleTests.swift */ = {isa = PBXFileReference; lastKnownFileType = sourcecode.swift; path = CallHandleTests.swift; sourceTree = "<group>"; };
		E143357666B2A1132FBA2858 /* AppLog.swift */ = {isa = PBXFileReference; lastKnownFileType = sourcecode.swift; path = AppLog.swift; sourceTree = "<group>"; };
		E29B1E29BF8F845FC3285F8A /* TestHTTPServer.swift */ = {isa = PBXFileReference; lastKnownFileType = sourcecode.swift; path = TestHTTPServer.swift; sourceTree = "<group>"; };
		E45F27461DB963B2F932BE7D /* NumberListsView.swift */ = {isa = PBXFileReference; lastKnownFileType = sourcecode.swift; path = NumberListsView.swift; sourceTree = "<group>"; };
		E4C8EE3BF4C8729A36FD9B58 /* CallIntentDonor.swift */ = {isa = PBXFileReference; lastKnownFileType = sourcecode.swift; path = CallIntentDonor.swift; sourceTree = "<group>"; };
		E5252BE7A5377965154F12A7 /* DemoConstants.swift */ = {isa = PBXFileReference; lastKnownFileType = sourcecode.swift; path = DemoConstants.swift; sourceTree = "<group>"; };
		E73C07502BB800A12322596B /* OutgoingLineMenu.swift */ = {isa = PBXFileReference; lastKnownFileType = sourcecode.swift; path = OutgoingLineMenu.swift; sourceTree = "<group>"; };
		E8565B8A812FB15C9ECC1DE7 /* RecoveryGrantTests.swift */ = {isa = PBXFileReference; lastKnownFileType = sourcecode.swift; path = RecoveryGrantTests.swift; sourceTree = "<group>"; };
		EA9D1F966A56BAE859036823 /* CallRelay-Bridging-Header.h */ = {isa = PBXFileReference; lastKnownFileType = sourcecode.c.h; path = "CallRelay-Bridging-Header.h"; sourceTree = "<group>"; };
		EC0B93D3F916BD119C734732 /* NetworkMonitor.swift */ = {isa = PBXFileReference; lastKnownFileType = sourcecode.swift; path = NetworkMonitor.swift; sourceTree = "<group>"; };
		F03311AAD0BE8B5012CE8DE3 /* RetryPolicy.swift */ = {isa = PBXFileReference; lastKnownFileType = sourcecode.swift; path = RetryPolicy.swift; sourceTree = "<group>"; };
		F7E7DF245408812D10FA4A76 /* ActiveCallView.swift */ = {isa = PBXFileReference; lastKnownFileType = sourcecode.swift; path = ActiveCallView.swift; sourceTree = "<group>"; };
		FB0730972643F1C299521240 /* ContactDeduperTests.swift */ = {isa = PBXFileReference; lastKnownFileType = sourcecode.swift; path = ContactDeduperTests.swift; sourceTree = "<group>"; };
		FCC14582B4BA466AA1A7AEB5 /* CallGroupStore.swift */ = {isa = PBXFileReference; lastKnownFileType = sourcecode.swift; path = CallGroupStore.swift; sourceTree = "<group>"; };
		FD363457A02585F2F385C685 /* UnifiedGatewayTests.swift */ = {isa = PBXFileReference; lastKnownFileType = sourcecode.swift; path = UnifiedGatewayTests.swift; sourceTree = "<group>"; };
		FE0D81C8E4061FFAEA8009F6 /* MessageInbox.swift */ = {isa = PBXFileReference; lastKnownFileType = sourcecode.swift; path = MessageInbox.swift; sourceTree = "<group>"; };
		FED147AF8C4E97E5632501D8 /* CloudSyncEngine.swift */ = {isa = PBXFileReference; lastKnownFileType = sourcecode.swift; path = CloudSyncEngine.swift; sourceTree = "<group>"; };
		FED4DCDF083D3E2962363EB3 /* IdentityTests.swift */ = {isa = PBXFileReference; lastKnownFileType = sourcecode.swift; path = IdentityTests.swift; sourceTree = "<group>"; };
		FF9E2D4EA8C019A6CFAD5B79 /* WebRTC */ = {isa = PBXFileReference; lastKnownFileType = folder; name = WebRTC; path = Vendor/WebRTC; sourceTree = SOURCE_ROOT; };
/* End PBXFileReference section */

/* Begin PBXFrameworksBuildPhase section */
		9B8CCE23DD29F6EA50711919 /* Frameworks */ = {
			isa = PBXFrameworksBuildPhase;
			buildActionMask = 2147483647;
			files = (
				C4563CE7BD6A1FBD0B41E296 /* WebRTC in Frameworks */,
			);
			runOnlyForDeploymentPostprocessing = 0;
		};
/* End PBXFrameworksBuildPhase section */

/* Begin PBXGroup section */
		0BE0F5A77D9A5605950608F8 /* Calling */ = {
			isa = PBXGroup;
			children = (
				AC3B54C00DA01EB928B0C2D1 /* CallCoordinator.swift */,
				5200A77B86E1F9545F6207E5 /* CallDriver.swift */,
				FCC14582B4BA466AA1A7AEB5 /* CallGroupStore.swift */,
				0BC1304BDE651D30727E4DB4 /* CallIdentifier.swift */,
				E4C8EE3BF4C8729A36FD9B58 /* CallIntentDonor.swift */,
				A5CDFE06EDC7BD7C66C0FA17 /* CallIntentRouter.swift */,
				98812606BAAF35C7F58B7698 /* CallKitManager.swift */,
				570B277AE0721CACCDEF9076 /* CallState.swift */,
				7B9526ACDE242FC88C513C4E /* ConferenceMedia.swift */,
				3A772A3DADD60E9829B43C7E /* DemoCallDriver.swift */,
				8A98ED7284FE1534630974E5 /* DemoGatewayAPI.swift */,
				5414A860CAFDFACE2D75C624 /* LiveCallDriver.swift */,
				398AB8C8E90C9626F1238A0D /* PushRegistry.swift */,
				A66C9DBB90543E55C02CD36D /* VoIPPushPayload.swift */,
			);
			path = Calling;
			sourceTree = "<group>";
		};
		1B1DD9A121D63F7127A5AABD /* WebRTC */ = {
			isa = PBXGroup;
			children = (
				AA27AA16B850DA6DA915F5C8 /* WebRTCCallMedia.swift */,
			);
			path = WebRTC;
			sourceTree = "<group>";
		};
		1E6595E813F79E0E4B98F2BA /* Filtering */ = {
			isa = PBXGroup;
			children = (
				5C0578D59989C935F5182D0E /* NumberList.swift */,
				91512C87E1178FBD7CC0BC05 /* PhoneNormalizer.swift */,
				64D2A156D01FD72B6F4113FD /* SpamFilterStore.swift */,
				790DB59B2E1C6BDD355E800C /* SpamPolicy.swift */,
			);
			path = Filtering;
			sourceTree = "<group>";
		};
		21376720627C006F39E88D60 /* Common */ = {
			isa = PBXGroup;
			children = (
				F7E7DF245408812D10FA4A76 /* ActiveCallView.swift */,
				329E2138785C36E07F41EA54 /* EmptyStateView.swift */,
				2C9018BD33E55D204A7371F2 /* RootView.swift */,
			);
			path = Common;
			sourceTree = "<group>";
		};
		25070BB4B03349065F469394 /* Packages */ = {
			isa = PBXGroup;
			children = (
				FF9E2D4EA8C019A6CFAD5B79 /* WebRTC */,
			);
			name = Packages;
			sourceTree = "<group>";
		};
		37FC1AE3BE462A80E7B903F7 /* CallRelay */ = {
			isa = PBXGroup;
			children = (
				88E9487540D9BA19CF743832 /* CallRelay.entitlements */,
				07695719B546FBE92B00BBFD /* Info.plist */,
				F96DA1287062DE6F9ED40636 /* App */,
				0BE0F5A77D9A5605950608F8 /* Calling */,
				C8CFF2D106E6AA8F37C5E349 /* CloudSync */,
				B9AC41AB09E11EACBA6EF990 /* Contacts */,
				1E6595E813F79E0E4B98F2BA /* Filtering */,
				4DADD4BFEFA442D25BCDA2C9 /* Identity */,
				8E6A630FABB40641C5F6A034 /* Models */,
				C3BD9EBC8014872F8F4DC1F7 /* Networking */,
				AC29805EAF2783AD4D395834 /* Resources */,
				A7338F22E3613B990415F3E5 /* Support */,
				487B884C7AB1CA2B15012313 /* UI */,
				1B1DD9A121D63F7127A5AABD /* WebRTC */,
			);
			path = CallRelay;
			sourceTree = "<group>";
		};
		40197F870E308E6A91FCF750 /* CallRelayTests */ = {
			isa = PBXGroup;
			children = (
				DF1712358EAF8763B2FDF8D4 /* CallHandleTests.swift */,
				30D4369B7315FE5C470E2A51 /* CallKitConfigurationTests.swift */,
				5E2FA0BA6159B54457B7990A /* CallLifecycleTests.swift */,
				534375935CF5486D02579EA6 /* CloudProvisioningTests.swift */,
				2E8B1C2C4B334AD05FA70F48 /* CloudSyncTests.swift */,
				FB0730972643F1C299521240 /* ContactDeduperTests.swift */,
				6FB4F36A44706DA364FB2943 /* ContactVCardExportTests.swift */,
				1A9B2A41BD38902A3FF52D4F /* EventStreamTests.swift */,
				DEF5C45E75AC8A3B3ED95D63 /* Fakes.swift */,
				FED4DCDF083D3E2962363EB3 /* IdentityTests.swift */,
				037A95BAA3213ED163D86719 /* LineOwnNumberTests.swift */,
				571FDBDEE26D76EB7641E3D9 /* MediaReconnectionTests.swift */,
				5A588139CFF48C724501CBCD /* MessageInboxSpamTests.swift */,
				A70F0E50529D24BC37088083 /* MessageInboxTests.swift */,
				C6F5F2EB092E2B879856F3C0 /* NewConferenceTests.swift */,
				2BBFC039A979CA61D7614E3E /* NumberListTests.swift */,
				3BD3FDBD2F16E7C9812308CC /* OutgoingLineSelectionTests.swift */,
				E8565B8A812FB15C9ECC1DE7 /* RecoveryGrantTests.swift */,
				91F1C73CB1F265028D221DB1 /* RetryPolicyTests.swift */,
				6B1F80F83B232F1C87894F28 /* SafetyAndPolicyTests.swift */,
				60004AE25C5C1B99740CE26F /* SMSHTTPClientTests.swift */,
				DC9C46BCF75DFE9B41A5BB1C /* SMSWireTests.swift */,
				497ACBA1F83FDC8A12937941 /* SpamFilterTests.swift */,
				E29B1E29BF8F845FC3285F8A /* TestHTTPServer.swift */,
				FD363457A02585F2F385C685 /* UnifiedGatewayTests.swift */,
				206D825E142DCFBE6E9C0A17 /* UnifiedPairingRecoveryTests.swift */,
				A201F54A8F28266CE1D63A30 /* V2TestSupport.swift */,
				55C457701ED5FCBFB8643F6F /* VoicemailPlaybackTests.swift */,
				5A57126F8A092AB3299D67CA /* WireCompatibilityTests.swift */,
				D7620C89F766008B03BC07B5 /* UITests */,
			);
			path = CallRelayTests;
			sourceTree = "<group>";
		};
		487B884C7AB1CA2B15012313 /* UI */ = {
			isa = PBXGroup;
			children = (
				21376720627C006F39E88D60 /* Common */,
				F039D08C154D977785011BE1 /* Contacts */,
				C37E429B8CCDBCE3F03F8A26 /* Dialer */,
				51E85F3EF1CF7BFECEA9AF32 /* Messages */,
				DEEBCFFE12A4CAA7CB6A9044 /* Onboarding */,
				8341FCB1DCE828F8C863104B /* Recents */,
				D3456132F5F22F9815B4C3DB /* Settings */,
			);
			path = UI;
			sourceTree = "<group>";
		};
		4DADD4BFEFA442D25BCDA2C9 /* Identity */ = {
			isa = PBXGroup;
			children = (
				6BD1D6124FBCB269EB6F0FC7 /* DeviceIdentity.swift */,
				191B28D96B07C9285C80237A /* GatewayBinding.swift */,
				444DD6802AFC2753B1AD8155 /* IdentityBindingPolicy.swift */,
				08E564DCA536A2933BEEC731 /* PairingService.swift */,
				0FEB27AA29D453367F81AF1F /* RecoveryGrant.swift */,
				628E25BD6BAAC8F96258A291 /* TokenStore.swift */,
			);
			path = Identity;
			sourceTree = "<group>";
		};
		51E85F3EF1CF7BFECEA9AF32 /* Messages */ = {
			isa = PBXGroup;
			children = (
				24A262CF8CFE3BC7D5383283 /* ComposeMessageView.swift */,
				21E6407350D96D3CBB7BFDAC /* MessagesView.swift */,
				9D781F6CF12AFC6D91536AD1 /* ThreadDetailView.swift */,
				776CC7F799D6B6D0D3AC31E9 /* VoicemailView.swift */,
			);
			path = Messages;
			sourceTree = "<group>";
		};
		58155BBAF67AC32396922570 = {
			isa = PBXGroup;
			children = (
				37FC1AE3BE462A80E7B903F7 /* CallRelay */,
				40197F870E308E6A91FCF750 /* CallRelayTests */,
				25070BB4B03349065F469394 /* Packages */,
				81142FD28986DC7B3D3F1819 /* Products */,
			);
			sourceTree = "<group>";
		};
		788E4D634D839D5EB675CBB8 /* SpamLists */ = {
			isa = PBXGroup;
			children = (
				B6C27AF8BBB153A1613996CB /* cn-historical-2020.txt */,
			);
			path = SpamLists;
			sourceTree = "<group>";
		};
		81142FD28986DC7B3D3F1819 /* Products */ = {
			isa = PBXGroup;
			children = (
				2FA45748307FF4B37BBF0FB1 /* CallRelay.app */,
				A09FD39E73E3B9361A236FB6 /* CallRelayTests.xctest */,
				D0635913B3FD20B2420AF284 /* CallRelayUITests.xctest */,
			);
			name = Products;
			sourceTree = "<group>";
		};
		8341FCB1DCE828F8C863104B /* Recents */ = {
			isa = PBXGroup;
			children = (
				D50F86E7133E4C0AB2FC874A /* RecentsView.swift */,
			);
			path = Recents;
			sourceTree = "<group>";
		};
		8E6A630FABB40641C5F6A034 /* Models */ = {
			isa = PBXGroup;
			children = (
				65399AE40AE5F9E959667CDC /* Wire.swift */,
			);
			path = Models;
			sourceTree = "<group>";
		};
		A7338F22E3613B990415F3E5 /* Support */ = {
			isa = PBXGroup;
			children = (
				E143357666B2A1132FBA2858 /* AppLog.swift */,
				E5252BE7A5377965154F12A7 /* DemoConstants.swift */,
			);
			path = Support;
			sourceTree = "<group>";
		};
		AC29805EAF2783AD4D395834 /* Resources */ = {
			isa = PBXGroup;
			children = (
				277EF6E70492478D477ECC8D /* Assets.xcassets */,
				EB6178F26E6DECA120A78DAC /* Licenses */,
				788E4D634D839D5EB675CBB8 /* SpamLists */,
			);
			path = Resources;
			sourceTree = "<group>";
		};
		B9AC41AB09E11EACBA6EF990 /* Contacts */ = {
			isa = PBXGroup;
			children = (
				7F9E9861C66D806794BC5E9C /* ContactDeduper.swift */,
				8640760CC6328AECCE766C90 /* ContactsService.swift */,
				91037604E3E119B2328480FA /* ContactVCardBuilder.swift */,
			);
			path = Contacts;
			sourceTree = "<group>";
		};
		C37E429B8CCDBCE3F03F8A26 /* Dialer */ = {
			isa = PBXGroup;
			children = (
				D5FF86542FF077ADFA588B46 /* DialerView.swift */,
				E73C07502BB800A12322596B /* OutgoingLineMenu.swift */,
			);
			path = Dialer;
			sourceTree = "<group>";
		};
		C3BD9EBC8014872F8F4DC1F7 /* Networking */ = {
			isa = PBXGroup;
			children = (
				87B24B1137456D9029D5D036 /* APITypes.swift */,
				88DA399FE480E12698ADD587 /* EventStream.swift */,
				9362B8524798A318337FFF11 /* GatewayOrigin.swift */,
				9BE7430C6BBEE3E2140F20DB /* HTTPGatewayAPI.swift */,
				EC0B93D3F916BD119C734732 /* NetworkMonitor.swift */,
				F03311AAD0BE8B5012CE8DE3 /* RetryPolicy.swift */,
				C28C4E4E5A8D62B092922AFC /* V2Wire.swift */,
			);
			path = Networking;
			sourceTree = "<group>";
		};
		C8CFF2D106E6AA8F37C5E349 /* CloudSync */ = {
			isa = PBXGroup;
			children = (
				EA9D1F966A56BAE859036823 /* CallRelay-Bridging-Header.h */,
				A7D36C32C39D67D00792E85B /* CKCloudSyncTransport.swift */,
				03769D6F5186234A6C8E1F2E /* CKExceptionGuard.h */,
				1E858D9369D4B0D610361A33 /* CKExceptionGuard.m */,
				3229416404A485DD201F98DC /* CloudConvergence.swift */,
				1523FD274532D3A3E16F9189 /* CloudSettings.swift */,
				FED147AF8C4E97E5632501D8 /* CloudSyncEngine.swift */,
				048780E4AD2A243111EC4E26 /* CloudSyncStore.swift */,
				30E29FCD79372F499817AF17 /* CloudSyncTypes.swift */,
			);
			path = CloudSync;
			sourceTree = "<group>";
		};
		D3456132F5F22F9815B4C3DB /* Settings */ = {
			isa = PBXGroup;
			children = (
				7645C567EC9502D507AF685B /* CloudSyncSettingsView.swift */,
				416626581AF27D91234CF4E1 /* LineNumberEditView.swift */,
				E45F27461DB963B2F932BE7D /* NumberListsView.swift */,
				A50EB70B3A4C35A8F5C23B00 /* SettingsView.swift */,
				417794779035E7454D1F46F2 /* SpamRulesView.swift */,
			);
			path = Settings;
			sourceTree = "<group>";
		};
		D7620C89F766008B03BC07B5 /* UITests */ = {
			isa = PBXGroup;
			children = (
				8CAF007C73F29396871E0A30 /* LinePickerUITests.swift */,
				0D4165909DB665BF2ED9F078 /* MessagesUITests.swift */,
			);
			path = UITests;
			sourceTree = "<group>";
		};
		DEEBCFFE12A4CAA7CB6A9044 /* Onboarding */ = {
			isa = PBXGroup;
			children = (
				96FD73019CC490571ECD09FD /* OnboardingView.swift */,
			);
			path = Onboarding;
			sourceTree = "<group>";
		};
		EB6178F26E6DECA120A78DAC /* Licenses */ = {
			isa = PBXGroup;
			children = (
				23D6C5702132450ACA6B62AE /* CallRelay-LICENSE.txt */,
				D968488F481A10FEBA845385 /* CallRelay-NOTICE.txt */,
				05744022AD96DC06771B2551 /* SpamList-CN-Historical-NOTICE.txt */,
				46EB85C9ECB68A468626F396 /* ThirdPartyNotices.txt */,
				23DA30B41AAD7CD48A5D672E /* WebRTC-LICENSE.txt */,
			);
			path = Licenses;
			sourceTree = "<group>";
		};
		F039D08C154D977785011BE1 /* Contacts */ = {
			isa = PBXGroup;
			children = (
				21AB65F255615EB0BC3D4051 /* ContactExportView.swift */,
				BE8CEC9770D37E66F3A120C0 /* ContactsView.swift */,
			);
			path = Contacts;
			sourceTree = "<group>";
		};
		F96DA1287062DE6F9ED40636 /* App */ = {
			isa = PBXGroup;
			children = (
				08783B9F8F03E8DB93E2F754 /* AppModel.swift */,
				218A231BA4DBC03932C09DB0 /* CallRelayApp.swift */,
				FE0D81C8E4061FFAEA8009F6 /* MessageInbox.swift */,
				C2B34F75CD206B2EF834D234 /* OutboxStore.swift */,
			);
			path = App;
			sourceTree = "<group>";
		};
/* End PBXGroup section */

/* Begin PBXNativeTarget section */
		1EB1E51F68799A971B007863 /* CallRelayUITests */ = {
			isa = PBXNativeTarget;
			buildConfigurationList = 152B2ADA6434BE51AAD5C066 /* Build configuration list for PBXNativeTarget "CallRelayUITests" */;
			buildPhases = (
				9628CBA8FBE42D0516DE5587 /* Sources */,
			);
			buildRules = (
			);
			dependencies = (
				D4A370A03E6CDBEC63378560 /* PBXTargetDependency */,
			);
			name = CallRelayUITests;
			packageProductDependencies = (
			);
			productName = CallRelayUITests;
			productReference = D0635913B3FD20B2420AF284 /* CallRelayUITests.xctest */;
			productType = "com.apple.product-type.bundle.ui-testing";
		};
		5BB31088FC1F3F5DE1D025E7 /* CallRelayTests */ = {
			isa = PBXNativeTarget;
			buildConfigurationList = 4EE38F74E8E5D02BCD3BB90F /* Build configuration list for PBXNativeTarget "CallRelayTests" */;
			buildPhases = (
				92ACEFC8CFE5691747922E44 /* Sources */,
			);
			buildRules = (
			);
			dependencies = (
				70C48307DAE747AB9661F551 /* PBXTargetDependency */,
			);
			name = CallRelayTests;
			packageProductDependencies = (
			);
			productName = CallRelayTests;
			productReference = A09FD39E73E3B9361A236FB6 /* CallRelayTests.xctest */;
			productType = "com.apple.product-type.bundle.unit-test";
		};
		9FA23C99650F079B79CEBF3F /* CallRelay */ = {
			isa = PBXNativeTarget;
			buildConfigurationList = A9B8871F0728FE8A55A9A05A /* Build configuration list for PBXNativeTarget "CallRelay" */;
			buildPhases = (
				F6234655FF6E36E48E38F690 /* Sources */,
				BC45CE4A8968BEE43C60C518 /* Resources */,
				9B8CCE23DD29F6EA50711919 /* Frameworks */,
			);
			buildRules = (
			);
			dependencies = (
			);
			name = CallRelay;
			packageProductDependencies = (
				19C3B73CCD39434F4620A84B /* WebRTC */,
			);
			productName = CallRelay;
			productReference = 2FA45748307FF4B37BBF0FB1 /* CallRelay.app */;
			productType = "com.apple.product-type.application";
		};
/* End PBXNativeTarget section */

/* Begin PBXProject section */
		3ADD05E924824CB85A4E5171 /* Project object */ = {
			isa = PBXProject;
			attributes = {
				BuildIndependentTargetsInParallel = YES;
				LastUpgradeCheck = 1430;
				TargetAttributes = {
					1EB1E51F68799A971B007863 = {
						DevelopmentTeam = "";
						ProvisioningStyle = Automatic;
						TestTargetID = 9FA23C99650F079B79CEBF3F;
					};
					5BB31088FC1F3F5DE1D025E7 = {
						DevelopmentTeam = "";
						ProvisioningStyle = Automatic;
					};
					9FA23C99650F079B79CEBF3F = {
						DevelopmentTeam = "";
						ProvisioningStyle = Automatic;
					};
				};
			};
			buildConfigurationList = 0D74C49F4D68F1D8BC22E595 /* Build configuration list for PBXProject "CallRelay" */;
			developmentRegion = "zh-Hans";
			hasScannedForEncodings = 0;
			knownRegions = (
				Base,
				"zh-Hans",
			);
			mainGroup = 58155BBAF67AC32396922570;
			minimizedProjectReferenceProxies = 1;
			packageReferences = (
				E21C64E1488B8A28FA6DBE6E /* XCLocalSwiftPackageReference "Vendor/WebRTC" */,
			);
			preferredProjectObjectVersion = 77;
			productRefGroup = 81142FD28986DC7B3D3F1819 /* Products */;
			projectDirPath = "";
			projectRoot = "";
			targets = (
				9FA23C99650F079B79CEBF3F /* CallRelay */,
				5BB31088FC1F3F5DE1D025E7 /* CallRelayTests */,
				1EB1E51F68799A971B007863 /* CallRelayUITests */,
			);
		};
/* End PBXProject section */

/* Begin PBXResourcesBuildPhase section */
		BC45CE4A8968BEE43C60C518 /* Resources */ = {
			isa = PBXResourcesBuildPhase;
			buildActionMask = 2147483647;
			files = (
				C39E000B13B2175B6AF0ABA8 /* Assets.xcassets in Resources */,
				D9BAACD0DC42058BD981BD9F /* CallRelay-LICENSE.txt in Resources */,
				3A58CB97BE75FC98367C5450 /* CallRelay-NOTICE.txt in Resources */,
				443BF6287C46CF15EB9099B0 /* SpamList-CN-Historical-NOTICE.txt in Resources */,
				6C7A9180784789ADD73BFD26 /* ThirdPartyNotices.txt in Resources */,
				1AA4AF6A1BC778F10756DA23 /* WebRTC-LICENSE.txt in Resources */,
				CC3F17739DC4EC71F85E56D6 /* cn-historical-2020.txt in Resources */,
			);
			runOnlyForDeploymentPostprocessing = 0;
		};
/* End PBXResourcesBuildPhase section */

/* Begin PBXSourcesBuildPhase section */
		92ACEFC8CFE5691747922E44 /* Sources */ = {
			isa = PBXSourcesBuildPhase;
			buildActionMask = 2147483647;
			files = (
				9D818860AD8A8EF85D114463 /* CallHandleTests.swift in Sources */,
				EE1CC4AB444AAFF1529C24F6 /* CallKitConfigurationTests.swift in Sources */,
				EA290D7AF96BD2F40DED138E /* CallLifecycleTests.swift in Sources */,
				EA0FA814F23C47748E9E6979 /* CloudProvisioningTests.swift in Sources */,
				5F25DBFB70ABD293F8042ED9 /* CloudSyncTests.swift in Sources */,
				D85FEB560030C5B83C27C9B0 /* ContactDeduperTests.swift in Sources */,
				CB6F3A7F5D3D25CD1E0B4BDD /* ContactVCardExportTests.swift in Sources */,
				B256B95DC33274B95900EF26 /* EventStreamTests.swift in Sources */,
				B25E95F679A71598C09445BC /* Fakes.swift in Sources */,
				0C6CE48C385B45FB903AEB8F /* IdentityTests.swift in Sources */,
				A25EDA94F10C957C9707DEBD /* LineOwnNumberTests.swift in Sources */,
				B38DC8E51B9B4CA0C117AE79 /* MediaReconnectionTests.swift in Sources */,
				F050F05F84BD924DDFFE2F83 /* MessageInboxSpamTests.swift in Sources */,
				447EA5C4774185A7240F7804 /* MessageInboxTests.swift in Sources */,
				69061B0EB714948B19ED87F4 /* NewConferenceTests.swift in Sources */,
				CFB89DCAE6ECB0AAE5BDA5DB /* NumberListTests.swift in Sources */,
				C0B48EBFDE896CDB9167C4F7 /* OutgoingLineSelectionTests.swift in Sources */,
				B47D483AF10B690AEE0C9022 /* RecoveryGrantTests.swift in Sources */,
				819CC34A3D0039785EE01FAB /* RetryPolicyTests.swift in Sources */,
				77ADD4F4D122F26778117546 /* SMSHTTPClientTests.swift in Sources */,
				CC91ED89889055CC01F274F6 /* SMSWireTests.swift in Sources */,
				4AE3B9EE984B3B00F4F90FFC /* SafetyAndPolicyTests.swift in Sources */,
				28648ECAD5F9E81C3F29200C /* SpamFilterTests.swift in Sources */,
				A1B15C623BE37E2BA38E500D /* TestHTTPServer.swift in Sources */,
				52BA789A458D280FD7079956 /* UnifiedGatewayTests.swift in Sources */,
				E62EDB1784F00DF24A453DF1 /* UnifiedPairingRecoveryTests.swift in Sources */,
				DBC78951A54E55ACA41BC95F /* V2TestSupport.swift in Sources */,
				F627C7D82E267828162473C2 /* VoicemailPlaybackTests.swift in Sources */,
				A2D3645DDBDE78663F4D4713 /* WireCompatibilityTests.swift in Sources */,
			);
			runOnlyForDeploymentPostprocessing = 0;
		};
		9628CBA8FBE42D0516DE5587 /* Sources */ = {
			isa = PBXSourcesBuildPhase;
			buildActionMask = 2147483647;
			files = (
				9A0FE45E5F0347CC4C839AC8 /* LinePickerUITests.swift in Sources */,
				3F8DE7E96043E4FFD639ED61 /* MessagesUITests.swift in Sources */,
			);
			runOnlyForDeploymentPostprocessing = 0;
		};
		F6234655FF6E36E48E38F690 /* Sources */ = {
			isa = PBXSourcesBuildPhase;
			buildActionMask = 2147483647;
			files = (
				4EECE8C7467CAB323FB1F16D /* APITypes.swift in Sources */,
				E306C5F8B0E5C826E4A3315F /* ActiveCallView.swift in Sources */,
				7C9AE4EED50C9409288340AF /* AppLog.swift in Sources */,
				EBC43B315021028AD1AEF0D1 /* AppModel.swift in Sources */,
				B28B1D394FDD26A023937964 /* CKCloudSyncTransport.swift in Sources */,
				6ECDECF4B89D09A686FB5EB9 /* CKExceptionGuard.m in Sources */,
				ACDE05A5A6290C7CB159C92C /* CallCoordinator.swift in Sources */,
				515BDA7BE0A2140A1DE8C9FA /* CallDriver.swift in Sources */,
				12271CC0FF586AB0C38F8054 /* CallGroupStore.swift in Sources */,
				3C129D899260D98523A976E7 /* CallIdentifier.swift in Sources */,
				FFACBB85AA8CCBBAD4422DAD /* CallIntentDonor.swift in Sources */,
				1E57FEECB85FF0E17F200D61 /* CallIntentRouter.swift in Sources */,
				E9C780B47D349B2F77275ABD /* CallKitManager.swift in Sources */,
				B3360F6947FD32F621D3C84B /* CallRelayApp.swift in Sources */,
				779556BB078733CD87ED70C3 /* CallState.swift in Sources */,
				E3460AEC7EF0249B0BF60963 /* CloudConvergence.swift in Sources */,
				3C7DA5A42C3B8A4CB67ED8CA /* CloudSettings.swift in Sources */,
				272523DF263DF1874DCAA24C /* CloudSyncEngine.swift in Sources */,
				BE8FB8065B9B86BDC1E3C25E /* CloudSyncSettingsView.swift in Sources */,
				CBABC9D6EF0157DFBE673A99 /* CloudSyncStore.swift in Sources */,
				C575C315D301B909DB89321D /* CloudSyncTypes.swift in Sources */,
				0DF3DF1888FC917331695632 /* ComposeMessageView.swift in Sources */,
				DEC80AB6BDEEDE4C98626E3A /* ConferenceMedia.swift in Sources */,
				35EF280A96D3F2E61D711B93 /* ContactDeduper.swift in Sources */,
				C5D278D3DC43C30B18BEF0F3 /* ContactExportView.swift in Sources */,
				0D181C120C65D6D7DF0A370E /* ContactVCardBuilder.swift in Sources */,
				8DE3A67A7EA6FE6F103BC734 /* ContactsService.swift in Sources */,
				D3041E7A325EC6F17D7CABAC /* ContactsView.swift in Sources */,
				4F930407CD97FB4D07C8AD58 /* DemoCallDriver.swift in Sources */,
				0A468E39D6CDEEB00882D760 /* DemoConstants.swift in Sources */,
				A7D1997CAEC4247CBD988E33 /* DemoGatewayAPI.swift in Sources */,
				C5C52EC08F103CD7FA2DC1B9 /* DeviceIdentity.swift in Sources */,
				76BBDF4D0F3AC75499465427 /* DialerView.swift in Sources */,
				019340D00967E9B43EE96612 /* EmptyStateView.swift in Sources */,
				5D58E702A27616F0D2291A18 /* EventStream.swift in Sources */,
				F325A2AB94842C8482F8E642 /* GatewayBinding.swift in Sources */,
				037DF172E47744D2BB214522 /* GatewayOrigin.swift in Sources */,
				B7F683E14FEA51D710E0A3A7 /* HTTPGatewayAPI.swift in Sources */,
				7407094820EC6C777CA26198 /* IdentityBindingPolicy.swift in Sources */,
				6D59F2734578F40364CA4DBF /* LineNumberEditView.swift in Sources */,
				B060B01110E082DF9AD132F8 /* LiveCallDriver.swift in Sources */,
				00ACFC2245972BB0A0124608 /* MessageInbox.swift in Sources */,
				66306408F391D1A8B672C502 /* MessagesView.swift in Sources */,
				E03EA6A4FBFBDF2FC799401F /* NetworkMonitor.swift in Sources */,
				0EDAC10B2FC00BB56E68F8E6 /* NumberList.swift in Sources */,
				38975939B9CC8C6966CD7AAF /* NumberListsView.swift in Sources */,
				B87E93BD732DD924242DEC8C /* OnboardingView.swift in Sources */,
				80AB9B5E2B54D627E5793127 /* OutboxStore.swift in Sources */,
				162E7882876CF0B079622833 /* OutgoingLineMenu.swift in Sources */,
				890603471A633DB8A05871BA /* PairingService.swift in Sources */,
				E7F4397ABF9901F53B9AE23A /* PhoneNormalizer.swift in Sources */,
				6BBED35DBBE589DCFED1E67E /* PushRegistry.swift in Sources */,
				09175A11E64EB5A180108AFA /* RecentsView.swift in Sources */,
				C54437A9AB6834A1947F4293 /* RecoveryGrant.swift in Sources */,
				AFBC8312DA10813FDA7079D2 /* RetryPolicy.swift in Sources */,
				52F1F86137E90954ADF3B18F /* RootView.swift in Sources */,
				3C2919F9716340686742BAC6 /* SettingsView.swift in Sources */,
				5B08C2354AEF7FB3CF9FCA3F /* SpamFilterStore.swift in Sources */,
				4592DF5E9ED226766C5FA05F /* SpamPolicy.swift in Sources */,
				AAE01816F226B6A98A51BAE9 /* SpamRulesView.swift in Sources */,
				6FA4ECE6903F13212B52184F /* ThreadDetailView.swift in Sources */,
				3BE25122B4D81DFE65BB38BF /* TokenStore.swift in Sources */,
				F1ABBC03A32B3C752B8F868C /* V2Wire.swift in Sources */,
				454CB2CC2CCEC0B9EB4FF9A3 /* VoIPPushPayload.swift in Sources */,
				1C4FF6DEE4F8DAD8D639983C /* VoicemailView.swift in Sources */,
				970C5B2C980818AB6EFB30DA /* WebRTCCallMedia.swift in Sources */,
				313D53DF0BA818844554FC5C /* Wire.swift in Sources */,
			);
			runOnlyForDeploymentPostprocessing = 0;
		};
/* End PBXSourcesBuildPhase section */

/* Begin PBXTargetDependency section */
		70C48307DAE747AB9661F551 /* PBXTargetDependency */ = {
			isa = PBXTargetDependency;
			target = 9FA23C99650F079B79CEBF3F /* CallRelay */;
			targetProxy = 2F707AE8D7A4A94025B8EF06 /* PBXContainerItemProxy */;
		};
		D4A370A03E6CDBEC63378560 /* PBXTargetDependency */ = {
			isa = PBXTargetDependency;
			target = 9FA23C99650F079B79CEBF3F /* CallRelay */;
			targetProxy = DB90B2EA4921A955CB611695 /* PBXContainerItemProxy */;
		};
/* End PBXTargetDependency section */

/* Begin XCBuildConfiguration section */
		0D76738B6E58EF53AD5F4C77 /* Debug */ = {
			isa = XCBuildConfiguration;
			buildSettings = {
				BUNDLE_LOADER = "$(TEST_HOST)";
				GENERATE_INFOPLIST_FILE = YES;
				LD_RUNPATH_SEARCH_PATHS = (
					"$(inherited)",
					"@executable_path/Frameworks",
					"@loader_path/Frameworks",
				);
				PRODUCT_BUNDLE_IDENTIFIER = com.jiangnangenius.callrelay.tests;
				SDKROOT = iphoneos;
				TARGETED_DEVICE_FAMILY = "1,2";
				TEST_HOST = "$(BUILT_PRODUCTS_DIR)/CallRelay.app/CallRelay";
			};
			name = Debug;
		};
		1848E8599EB4BDEFE545FCED /* Release */ = {
			isa = XCBuildConfiguration;
			buildSettings = {
				ALWAYS_SEARCH_USER_PATHS = NO;
				CLANG_ANALYZER_NONNULL = YES;
				CLANG_ANALYZER_NUMBER_OBJECT_CONVERSION = YES_AGGRESSIVE;
				CLANG_CXX_LANGUAGE_STANDARD = "gnu++14";
				CLANG_CXX_LIBRARY = "libc++";
				CLANG_ENABLE_MODULES = YES;
				CLANG_ENABLE_OBJC_ARC = YES;
				CLANG_ENABLE_OBJC_WEAK = YES;
				CLANG_WARN_BLOCK_CAPTURE_AUTORELEASING = YES;
				CLANG_WARN_BOOL_CONVERSION = YES;
				CLANG_WARN_COMMA = YES;
				CLANG_WARN_CONSTANT_CONVERSION = YES;
				CLANG_WARN_DEPRECATED_OBJC_IMPLEMENTATIONS = YES;
				CLANG_WARN_DIRECT_OBJC_ISA_USAGE = YES_ERROR;
				CLANG_WARN_DOCUMENTATION_COMMENTS = YES;
				CLANG_WARN_EMPTY_BODY = YES;
				CLANG_WARN_ENUM_CONVERSION = YES;
				CLANG_WARN_INFINITE_RECURSION = YES;
				CLANG_WARN_INT_CONVERSION = YES;
				CLANG_WARN_NON_LITERAL_NULL_CONVERSION = YES;
				CLANG_WARN_OBJC_IMPLICIT_RETAIN_SELF = YES;
				CLANG_WARN_OBJC_LITERAL_CONVERSION = YES;
				CLANG_WARN_OBJC_ROOT_CLASS = YES_ERROR;
				CLANG_WARN_QUOTED_INCLUDE_IN_FRAMEWORK_HEADER = YES;
				CLANG_WARN_RANGE_LOOP_ANALYSIS = YES;
				CLANG_WARN_STRICT_PROTOTYPES = YES;
				CLANG_WARN_SUSPICIOUS_MOVE = YES;
				CLANG_WARN_UNGUARDED_AVAILABILITY = YES_AGGRESSIVE;
				CLANG_WARN_UNREACHABLE_CODE = YES;
				CLANG_WARN__DUPLICATE_METHOD_MATCH = YES;
				CODE_SIGNING_ALLOWED = NO;
				CODE_SIGNING_REQUIRED = NO;
				CODE_SIGN_STYLE = Automatic;
				COPY_PHASE_STRIP = NO;
				CURRENT_PROJECT_VERSION = 5;
				DEBUG_INFORMATION_FORMAT = "dwarf-with-dsym";
				DEVELOPMENT_TEAM = "";
				ENABLE_NS_ASSERTIONS = NO;
				ENABLE_STRICT_OBJC_MSGSEND = YES;
				ENABLE_USER_SCRIPT_SANDBOXING = YES;
				GCC_C_LANGUAGE_STANDARD = gnu11;
				GCC_NO_COMMON_BLOCKS = YES;
				GCC_TREAT_WARNINGS_AS_ERRORS = NO;
				GCC_WARN_64_TO_32_BIT_CONVERSION = YES;
				GCC_WARN_ABOUT_RETURN_TYPE = YES_ERROR;
				GCC_WARN_UNDECLARED_SELECTOR = YES;
				GCC_WARN_UNINITIALIZED_AUTOS = YES_AGGRESSIVE;
				GCC_WARN_UNUSED_FUNCTION = YES;
				GCC_WARN_UNUSED_VARIABLE = YES;
				IPHONEOS_DEPLOYMENT_TARGET = 17.0;
				MARKETING_VERSION = 0.3.1;
				MTL_ENABLE_DEBUG_INFO = NO;
				MTL_FAST_MATH = YES;
				PRODUCT_NAME = "$(TARGET_NAME)";
				SDKROOT = iphoneos;
				SWIFT_COMPILATION_MODE = wholemodule;
				SWIFT_OPTIMIZATION_LEVEL = "-O";
				SWIFT_VERSION = 5.0;
			};
			name = Release;
		};
		A1780B581378B7B2C3943662 /* Debug */ = {
			isa = XCBuildConfiguration;
			buildSettings = {
				BUNDLE_LOADER = "$(TEST_HOST)";
				GENERATE_INFOPLIST_FILE = YES;
				LD_RUNPATH_SEARCH_PATHS = (
					"$(inherited)",
					"@executable_path/Frameworks",
					"@loader_path/Frameworks",
				);
				PRODUCT_BUNDLE_IDENTIFIER = com.jiangnangenius.callrelay.uitests;
				SDKROOT = iphoneos;
				TARGETED_DEVICE_FAMILY = "1,2";
				TEST_TARGET_NAME = CallRelay;
			};
			name = Debug;
		};
		A4D70FD1382B06B045D3B10F /* Release */ = {
			isa = XCBuildConfiguration;
			buildSettings = {
				ASSETCATALOG_COMPILER_APPICON_NAME = AppIcon;
				ASSETCATALOG_COMPILER_GLOBAL_ACCENT_COLOR_NAME = AccentColor;
				CODE_SIGN_ENTITLEMENTS = CallRelay/CallRelay.entitlements;
				CODE_SIGN_IDENTITY = "iPhone Developer";
				INFOPLIST_FILE = CallRelay/Info.plist;
				INFOPLIST_KEY_UILaunchScreen_Generation = YES;
				LD_RUNPATH_SEARCH_PATHS = (
					"$(inherited)",
					"@executable_path/Frameworks",
				);
				PRODUCT_BUNDLE_IDENTIFIER = com.jiangnangenius.callrelay;
				SDKROOT = iphoneos;
				SWIFT_OBJC_BRIDGING_HEADER = "CallRelay/CloudSync/CallRelay-Bridging-Header.h";
				TARGETED_DEVICE_FAMILY = 1;
			};
			name = Release;
		};
		AB662996AE40B586D19E0E81 /* Release */ = {
			isa = XCBuildConfiguration;
			buildSettings = {
				BUNDLE_LOADER = "$(TEST_HOST)";
				GENERATE_INFOPLIST_FILE = YES;
				LD_RUNPATH_SEARCH_PATHS = (
					"$(inherited)",
					"@executable_path/Frameworks",
					"@loader_path/Frameworks",
				);
				PRODUCT_BUNDLE_IDENTIFIER = com.jiangnangenius.callrelay.tests;
				SDKROOT = iphoneos;
				TARGETED_DEVICE_FAMILY = "1,2";
				TEST_HOST = "$(BUILT_PRODUCTS_DIR)/CallRelay.app/CallRelay";
			};
			name = Release;
		};
		B1DB7E171E68368E04356491 /* Release */ = {
			isa = XCBuildConfiguration;
			buildSettings = {
				BUNDLE_LOADER = "$(TEST_HOST)";
				GENERATE_INFOPLIST_FILE = YES;
				LD_RUNPATH_SEARCH_PATHS = (
					"$(inherited)",
					"@executable_path/Frameworks",
					"@loader_path/Frameworks",
				);
				PRODUCT_BUNDLE_IDENTIFIER = com.jiangnangenius.callrelay.uitests;
				SDKROOT = iphoneos;
				TARGETED_DEVICE_FAMILY = "1,2";
				TEST_TARGET_NAME = CallRelay;
			};
			name = Release;
		};
		D2C292677DECE564A95B3D74 /* Debug */ = {
			isa = XCBuildConfiguration;
			buildSettings = {
				ALWAYS_SEARCH_USER_PATHS = NO;
				CLANG_ANALYZER_NONNULL = YES;
				CLANG_ANALYZER_NUMBER_OBJECT_CONVERSION = YES_AGGRESSIVE;
				CLANG_CXX_LANGUAGE_STANDARD = "gnu++14";
				CLANG_CXX_LIBRARY = "libc++";
				CLANG_ENABLE_MODULES = YES;
				CLANG_ENABLE_OBJC_ARC = YES;
				CLANG_ENABLE_OBJC_WEAK = YES;
				CLANG_WARN_BLOCK_CAPTURE_AUTORELEASING = YES;
				CLANG_WARN_BOOL_CONVERSION = YES;
				CLANG_WARN_COMMA = YES;
				CLANG_WARN_CONSTANT_CONVERSION = YES;
				CLANG_WARN_DEPRECATED_OBJC_IMPLEMENTATIONS = YES;
				CLANG_WARN_DIRECT_OBJC_ISA_USAGE = YES_ERROR;
				CLANG_WARN_DOCUMENTATION_COMMENTS = YES;
				CLANG_WARN_EMPTY_BODY = YES;
				CLANG_WARN_ENUM_CONVERSION = YES;
				CLANG_WARN_INFINITE_RECURSION = YES;
				CLANG_WARN_INT_CONVERSION = YES;
				CLANG_WARN_NON_LITERAL_NULL_CONVERSION = YES;
				CLANG_WARN_OBJC_IMPLICIT_RETAIN_SELF = YES;
				CLANG_WARN_OBJC_LITERAL_CONVERSION = YES;
				CLANG_WARN_OBJC_ROOT_CLASS = YES_ERROR;
				CLANG_WARN_QUOTED_INCLUDE_IN_FRAMEWORK_HEADER = YES;
				CLANG_WARN_RANGE_LOOP_ANALYSIS = YES;
				CLANG_WARN_STRICT_PROTOTYPES = YES;
				CLANG_WARN_SUSPICIOUS_MOVE = YES;
				CLANG_WARN_UNGUARDED_AVAILABILITY = YES_AGGRESSIVE;
				CLANG_WARN_UNREACHABLE_CODE = YES;
				CLANG_WARN__DUPLICATE_METHOD_MATCH = YES;
				CODE_SIGNING_ALLOWED = NO;
				CODE_SIGNING_REQUIRED = NO;
				CODE_SIGN_STYLE = Automatic;
				COPY_PHASE_STRIP = NO;
				CURRENT_PROJECT_VERSION = 5;
				DEBUG_INFORMATION_FORMAT = dwarf;
				DEVELOPMENT_TEAM = "";
				ENABLE_STRICT_OBJC_MSGSEND = YES;
				ENABLE_TESTABILITY = YES;
				ENABLE_USER_SCRIPT_SANDBOXING = YES;
				GCC_C_LANGUAGE_STANDARD = gnu11;
				GCC_DYNAMIC_NO_PIC = NO;
				GCC_NO_COMMON_BLOCKS = YES;
				GCC_OPTIMIZATION_LEVEL = 0;
				GCC_PREPROCESSOR_DEFINITIONS = (
					"$(inherited)",
					"DEBUG=1",
				);
				GCC_TREAT_WARNINGS_AS_ERRORS = NO;
				GCC_WARN_64_TO_32_BIT_CONVERSION = YES;
				GCC_WARN_ABOUT_RETURN_TYPE = YES_ERROR;
				GCC_WARN_UNDECLARED_SELECTOR = YES;
				GCC_WARN_UNINITIALIZED_AUTOS = YES_AGGRESSIVE;
				GCC_WARN_UNUSED_FUNCTION = YES;
				GCC_WARN_UNUSED_VARIABLE = YES;
				IPHONEOS_DEPLOYMENT_TARGET = 17.0;
				MARKETING_VERSION = 0.3.1;
				MTL_ENABLE_DEBUG_INFO = INCLUDE_SOURCE;
				MTL_FAST_MATH = YES;
				ONLY_ACTIVE_ARCH = YES;
				PRODUCT_NAME = "$(TARGET_NAME)";
				SDKROOT = iphoneos;
				SWIFT_ACTIVE_COMPILATION_CONDITIONS = DEBUG;
				SWIFT_OPTIMIZATION_LEVEL = "-Onone";
				SWIFT_VERSION = 5.0;
			};
			name = Debug;
		};
		D4F6A807A87CF03C2C6F7CC3 /* Debug */ = {
			isa = XCBuildConfiguration;
			buildSettings = {
				ASSETCATALOG_COMPILER_APPICON_NAME = AppIcon;
				ASSETCATALOG_COMPILER_GLOBAL_ACCENT_COLOR_NAME = AccentColor;
				CODE_SIGN_ENTITLEMENTS = CallRelay/CallRelay.entitlements;
				CODE_SIGN_IDENTITY = "iPhone Developer";
				INFOPLIST_FILE = CallRelay/Info.plist;
				INFOPLIST_KEY_UILaunchScreen_Generation = YES;
				LD_RUNPATH_SEARCH_PATHS = (
					"$(inherited)",
					"@executable_path/Frameworks",
				);
				PRODUCT_BUNDLE_IDENTIFIER = com.jiangnangenius.callrelay;
				SDKROOT = iphoneos;
				SWIFT_OBJC_BRIDGING_HEADER = "CallRelay/CloudSync/CallRelay-Bridging-Header.h";
				TARGETED_DEVICE_FAMILY = 1;
			};
			name = Debug;
		};
/* End XCBuildConfiguration section */

/* Begin XCConfigurationList section */
		0D74C49F4D68F1D8BC22E595 /* Build configuration list for PBXProject "CallRelay" */ = {
			isa = XCConfigurationList;
			buildConfigurations = (
				D2C292677DECE564A95B3D74 /* Debug */,
				1848E8599EB4BDEFE545FCED /* Release */,
			);
			defaultConfigurationIsVisible = 0;
			defaultConfigurationName = Debug;
		};
		152B2ADA6434BE51AAD5C066 /* Build configuration list for PBXNativeTarget "CallRelayUITests" */ = {
			isa = XCConfigurationList;
			buildConfigurations = (
				A1780B581378B7B2C3943662 /* Debug */,
				B1DB7E171E68368E04356491 /* Release */,
			);
			defaultConfigurationIsVisible = 0;
			defaultConfigurationName = Debug;
		};
		4EE38F74E8E5D02BCD3BB90F /* Build configuration list for PBXNativeTarget "CallRelayTests" */ = {
			isa = XCConfigurationList;
			buildConfigurations = (
				0D76738B6E58EF53AD5F4C77 /* Debug */,
				AB662996AE40B586D19E0E81 /* Release */,
			);
			defaultConfigurationIsVisible = 0;
			defaultConfigurationName = Debug;
		};
		A9B8871F0728FE8A55A9A05A /* Build configuration list for PBXNativeTarget "CallRelay" */ = {
			isa = XCConfigurationList;
			buildConfigurations = (
				D4F6A807A87CF03C2C6F7CC3 /* Debug */,
				A4D70FD1382B06B045D3B10F /* Release */,
			);
			defaultConfigurationIsVisible = 0;
			defaultConfigurationName = Debug;
		};
/* End XCConfigurationList section */

/* Begin XCLocalSwiftPackageReference section */
		E21C64E1488B8A28FA6DBE6E /* XCLocalSwiftPackageReference "Vendor/WebRTC" */ = {
			isa = XCLocalSwiftPackageReference;
			relativePath = Vendor/WebRTC;
		};
/* End XCLocalSwiftPackageReference section */

/* Begin XCSwiftPackageProductDependency section */
		19C3B73CCD39434F4620A84B /* WebRTC */ = {
			isa = XCSwiftPackageProductDependency;
			productName = WebRTC;
		};
/* End XCSwiftPackageProductDependency section */
	};
	rootObject = 3ADD05E924824CB85A4E5171 /* Project object */;
}
